
Microsoft Visual Studio Solution File, Format Version 12.00
# Visual Studio Version 16
VisualStudioVersion = 16.0.30406.217
MinimumVisualStudioVersion = 10.0.40219.1
Project("{FAE04EC0-301F-11D3-BF4B-00C04F79EFBC}") = "BookApp", "BookApp\BookApp.csproj", "{362FA837-0E79-4944-ACB0-D65147C08214}"
EndProject
Project("{FAE04EC0-301F-11D3-BF4B-00C04F79EFBC}") = "BookApp.Dal", "BookApp.DAL\BookApp.Dal.csproj", "{16E31569-918C-4D5D-A452-7278D9A27CA8}"
EndProject
Project("{FAE04EC0-301F-11D3-BF4B-00C04F79EFBC}") = "BookApp.Dto", "BookApp.Dto\BookApp.Dto.csproj", "{FBE85686-BF15-44A8-90F6-870B65C0DC04}"
EndProject
Project("{FAE04EC0-301F-11D3-BF4B-00C04F79EFBC}") = "BookApp.Bll", "BookApp.Bll\BookApp.Bll.csproj", "{666EA452-4D98-4022-A48C-CFAA9D506CDC}"
EndProject
Global
	GlobalSection(SolutionConfigurationPlatforms) = preSolution
		Debug|Any CPU = Debug|Any CPU
		Release|Any CPU = Release|Any CPU
	EndGlobalSection
	GlobalSection(ProjectConfigurationPlatforms) = postSolution
		{362FA837-0E79-4944-ACB0-D65147C08214}.Debug|Any CPU.ActiveCfg = Debug|Any CPU
		{362FA837-0E79-4944-ACB0-D65147C08214}.Debug|Any CPU.Build.0 = Debug|Any CPU
		{362FA837-0E79-4944-ACB0-D65147C08214}.Release|Any CPU.ActiveCfg = Release|Any CPU
		{362FA837-0E79-4944-ACB0-D65147C08214}.Release|Any CPU.Build.0 = Release|Any CPU
		{16E31569-918C-4D5D-A452-7278D9A27CA8}.Debug|Any CPU.ActiveCfg = Debug|Any CPU
		{16E31569-918C-4D5D-A452-7278D9A27CA8}.Debug|Any CPU.Build.0 = Debug|Any CPU
		{16E31569-918C-4D5D-A452-7278D9A27CA8}.Release|Any CPU.ActiveCfg = Release|Any CPU
		{16E31569-918C-4D5D-A452-7278D9A27CA8}.Release|Any CPU.Build.0 = Release|Any CPU
		{FBE85686-BF15-44A8-90F6-870B65C0DC04}.Debug|Any CPU.ActiveCfg = Debug|Any CPU
		{FBE85686-BF15-44A8-90F6-870B65C0DC04}.Debug|Any CPU.Build.0 = Debug|Any CPU
		{FBE85686-BF15-44A8-90F6-870B65C0DC04}.Release|Any CPU.ActiveCfg = Release|Any CPU
		{FBE85686-BF15-44A8-90F6-870B65C0DC04}.Release|Any CPU.Build.0 = Release|Any CPU
		{666EA452-4D98-4022-A48C-CFAA9D506CDC}.Debug|Any CPU.ActiveCfg = Debug|Any CPU
		{666EA452-4D98-4022-A48C-CFAA9D506CDC}.Debug|Any CPU.Build.0 = Debug|Any CPU
		{666EA452-4D98-4022-A48C-CFAA9D506CDC}.Release|Any CPU.ActiveCfg = Release|Any CPU
		{666EA452-4D98-4022-A48C-CFAA9D506CDC}.Release|Any CPU.Build.0 = Release|Any CPU
	EndGlobalSection
	GlobalSection(SolutionProperties) = preSolution
		HideSolutionNode = FALSE
	EndGlobalSection
	GlobalSection(ExtensibilityGlobals) = postSolution
		SolutionGuid = {6E279601-F2D5-41EB-A194-1A1DDEDCD414}
	EndGlobalSection
EndGlobal
